
Microsoft Visual Studio Solution File, Format Version 12.00
# Visual Studio Version 16
VisualStudioVersion = 16.0.29324.140
MinimumVisualStudioVersion = 10.0.40219.1
Project("{FAE04EC0-301F-11D3-BF4B-00C04F79EFBC}") = "ProjectCSA", "ProjectCSA.csproj", "{8ADEB3AC-0FA6-4C7F-8E13-32E0D5ABBF1D}"
EndProject
Project("{FAE04EC0-301F-11D3-BF4B-00C04F79EFBC}") = "DataLibrary", "..\projcsadataLibary\DataLibrary.csproj", "{BAE4959F-F0F1-432B-B075-CB50B8B7F755}"
EndProject
Global
	GlobalSection(SolutionConfigurationPlatforms) = preSolution
		Debug|Any CPU = Debug|Any CPU
		Release|Any CPU = Release|Any CPU
	EndGlobalSection
	GlobalSection(ProjectConfigurationPlatforms) = postSolution
		{8ADEB3AC-0FA6-4C7F-8E13-32E0D5ABBF1D}.Debug|Any CPU.ActiveCfg = Debug|Any CPU
		{8ADEB3AC-0FA6-4C7F-8E13-32E0D5ABBF1D}.Debug|Any CPU.Build.0 = Debug|Any CPU
		{8ADEB3AC-0FA6-4C7F-8E13-32E0D5ABBF1D}.Release|Any CPU.ActiveCfg = Release|Any CPU
		{8ADEB3AC-0FA6-4C7F-8E13-32E0D5ABBF1D}.Release|Any CPU.Build.0 = Release|Any CPU
		{BAE4959F-F0F1-432B-B075-CB50B8B7F755}.Debug|Any CPU.ActiveCfg = Debug|Any CPU
		{BAE4959F-F0F1-432B-B075-CB50B8B7F755}.Debug|Any CPU.Build.0 = Debug|Any CPU
		{BAE4959F-F0F1-432B-B075-CB50B8B7F755}.Release|Any CPU.ActiveCfg = Release|Any CPU
		{BAE4959F-F0F1-432B-B075-CB50B8B7F755}.Release|Any CPU.Build.0 = Release|Any CPU
	EndGlobalSection
	GlobalSection(SolutionProperties) = preSolution
		HideSolutionNode = FALSE
	EndGlobalSection
	GlobalSection(ExtensibilityGlobals) = postSolution
		SolutionGuid = {9C866A4D-D80F-4CB2-AAC9-3B0685E69393}
	EndGlobalSection
EndGlobal
